
Microsoft Visual Studio Solution File, Format Version 12.00
# Visual Studio Version 17
VisualStudioVersion = 17.14.36705.20
MinimumVisualStudioVersion = 10.0.40219.1
Project("{FAE04EC0-301F-11D3-BF4B-00C04F79EFBC}") = "Library8", "Library8\Library8.csproj", "{3AE19B95-E1E1-41ED-8FE4-D090EE707258}"
EndProject
Project("{FAE04EC0-301F-11D3-BF4B-00C04F79EFBC}") = "TaskManagementAPI", "TaskManagementAPI\TaskManagementAPI.csproj", "{2C3CC1A9-7167-479C-93E2-A1ADEDAEC4A1}"
EndProject
Project("{E24C65DC-7377-472B-9ABA-BC803B73C61A}") = "task-management-ui", "task-management-ui\", "{A9B9B326-69AD-7FBB-D012-774520A82795}"
	ProjectSection(WebsiteProperties) = preProject
		TargetFrameworkMoniker = ".NETFramework,Version%3Dv4.0"
		Debug.AspNetCompiler.VirtualPath = "/localhost_53761"
		Debug.AspNetCompiler.PhysicalPath = "task-management-ui\"
		Debug.AspNetCompiler.TargetPath = "PrecompiledWeb\localhost_53761\"
		Debug.AspNetCompiler.Updateable = "true"
		Debug.AspNetCompiler.ForceOverwrite = "true"
		Debug.AspNetCompiler.FixedNames = "false"
		Debug.AspNetCompiler.Debug = "True"
		Release.AspNetCompiler.VirtualPath = "/localhost_53761"
		Release.AspNetCompiler.PhysicalPath = "task-management-ui\"
		Release.AspNetCompiler.TargetPath = "PrecompiledWeb\localhost_53761\"
		Release.AspNetCompiler.Updateable = "true"
		Release.AspNetCompiler.ForceOverwrite = "true"
		Release.AspNetCompiler.FixedNames = "false"
		Release.AspNetCompiler.Debug = "False"
		VWDPort = "53761"
		SlnRelativePath = "task-management-ui\"
	EndProjectSection
EndProject
Global
	GlobalSection(SolutionConfigurationPlatforms) = preSolution
		Debug|Any CPU = Debug|Any CPU
		Release|Any CPU = Release|Any CPU
	EndGlobalSection
	GlobalSection(ProjectConfigurationPlatforms) = postSolution
		{3AE19B95-E1E1-41ED-8FE4-D090EE707258}.Debug|Any CPU.ActiveCfg = Debug|Any CPU
		{3AE19B95-E1E1-41ED-8FE4-D090EE707258}.Debug|Any CPU.Build.0 = Debug|Any CPU
		{3AE19B95-E1E1-41ED-8FE4-D090EE707258}.Release|Any CPU.ActiveCfg = Release|Any CPU
		{3AE19B95-E1E1-41ED-8FE4-D090EE707258}.Release|Any CPU.Build.0 = Release|Any CPU
		{2C3CC1A9-7167-479C-93E2-A1ADEDAEC4A1}.Debug|Any CPU.ActiveCfg = Debug|Any CPU
		{2C3CC1A9-7167-479C-93E2-A1ADEDAEC4A1}.Debug|Any CPU.Build.0 = Debug|Any CPU
		{2C3CC1A9-7167-479C-93E2-A1ADEDAEC4A1}.Release|Any CPU.ActiveCfg = Release|Any CPU
		{2C3CC1A9-7167-479C-93E2-A1ADEDAEC4A1}.Release|Any CPU.Build.0 = Release|Any CPU
		{A9B9B326-69AD-7FBB-D012-774520A82795}.Debug|Any CPU.ActiveCfg = Debug|Any CPU
		{A9B9B326-69AD-7FBB-D012-774520A82795}.Debug|Any CPU.Build.0 = Debug|Any CPU
		{A9B9B326-69AD-7FBB-D012-774520A82795}.Release|Any CPU.ActiveCfg = Debug|Any CPU
		{A9B9B326-69AD-7FBB-D012-774520A82795}.Release|Any CPU.Build.0 = Debug|Any CPU
	EndGlobalSection
	GlobalSection(SolutionProperties) = preSolution
		HideSolutionNode = FALSE
	EndGlobalSection
	GlobalSection(ExtensibilityGlobals) = postSolution
		SolutionGuid = {F0AF9AF4-D373-4087-B462-D4730EE726F8}
	EndGlobalSection
EndGlobal
